Microsoft Visual Studio Solution File, Format Version 12.00
# Visual Studio Version 16
VisualStudioVersion = 16.0.29306.81
MinimumVisualStudioVersion = 10.0.40219.1
Project("{FAE04EC0-301F-11D3-BF4B-00C04F79EFBC}") = "PragWebApp", "PragWebApp\PragWebApp.csproj", "{D611A469-0BE9-4B0E-8B5B-4125FB16D158}"
EndProject
Global
	GlobalSection(SolutionConfigurationPlatforms) = preSolution
		Debug|Any CPU = Debug|Any CPU
		Release|Any CPU = Release|Any CPU
	EndGlobalSection
	GlobalSection(ProjectConfigurationPlatforms) = postSolution
		{D611A469-0BE9-4B0E-8B5B-4125FB16D158}.Debug|Any CPU.ActiveCfg = Debug|Any CPU
		{D611A469-0BE9-4B0E-8B5B-4125FB16D158}.Debug|Any CPU.Build.0 = Debug|Any CPU
		{D611A469-0BE9-4B0E-8B5B-4125FB16D158}.Release|Any CPU.ActiveCfg = Release|Any CPU
		{D611A469-0BE9-4B0E-8B5B-4125FB16D158}.Release|Any CPU.Build.0 = Release|Any CPU
	EndGlobalSection
	GlobalSection(SolutionProperties) = preSolution
		HideSolutionNode = FALSE
	EndGlobalSection
	GlobalSection(ExtensibilityGlobals) = postSolution
		SolutionGuid = {8578AEF3-801C-460E-AC92-3B155C1B0A24}
	EndGlobalSection
EndGlobal
